
Microsoft Visual Studio Solution File, Format Version 12.00
# Visual Studio Version 17
VisualStudioVersion = 17.6.33723.286
MinimumVisualStudioVersion = 10.0.40219.1
Project("{FAE04EC0-301F-11D3-BF4B-00C04F79EFBC}") = "ShadowingHidingPrac31", "ShadowingHidingPrac31\ShadowingHidingPrac31.csproj", "{9A29ACF7-497B-4C45-BFC6-2488E4347327}"
EndProject
Global
	GlobalSection(SolutionConfigurationPlatforms) = preSolution
		Debug|Any CPU = Debug|Any CPU
		Release|Any CPU = Release|Any CPU
	EndGlobalSection
	GlobalSection(ProjectConfigurationPlatforms) = postSolution
		{9A29ACF7-497B-4C45-BFC6-2488E4347327}.Debug|Any CPU.ActiveCfg = Debug|Any CPU
		{9A29ACF7-497B-4C45-BFC6-2488E4347327}.Debug|Any CPU.Build.0 = Debug|Any CPU
		{9A29ACF7-497B-4C45-BFC6-2488E4347327}.Release|Any CPU.ActiveCfg = Release|Any CPU
		{9A29ACF7-497B-4C45-BFC6-2488E4347327}.Release|Any CPU.Build.0 = Release|Any CPU
	EndGlobalSection
	GlobalSection(SolutionProperties) = preSolution
		HideSolutionNode = FALSE
	EndGlobalSection
	GlobalSection(ExtensibilityGlobals) = postSolution
		SolutionGuid = {93760A8D-2940-4114-811E-22C580C93D92}
	EndGlobalSection
EndGlobal
